<?xml version="1.0" encoding="utf-8"?>
<Project ToolsVersion="4.0" xmlns="http://schemas.microsoft.com/developer/msbuild/2003">
  <ItemGroup>
    <Filter Include="bullets">
      <UniqueIdentifier>{6c814e23-317e-4b31-95ec-bb0eb0bbe5ca}</UniqueIdentifier>
    </Filter>
    <Filter Include="debugger">
      <UniqueIdentifier>{04314438-fb92-42d6-abfc-fe932c051bb8}</UniqueIdentifier>
    </Filter>
    <Filter Include="factory">
      <UniqueIdentifier>{d4bffe60-6a7a-4a97-918f-ec5fd9cfd619}</UniqueIdentifier>
    </Filter>
    <Filter Include="save-data">
      <UniqueIdentifier>{565fdfca-40b8-43fa-9b22-a7d0ec319028}</UniqueIdentifier>
    </Filter>
    <Filter Include="shared">
      <UniqueIdentifier>{18a8da8e-ca53-494e-add8-c9e416e296ea}</UniqueIdentifier>
    </Filter>
    <Filter Include="spawn-data">
      <UniqueIdentifier>{69d5b26a-ef46-478d-a782-6d319b44be2c}</UniqueIdentifier>
    </Filter>
    <Filter Include="gdextension">
      <UniqueIdentifier>{209f76e8-73fd-4999-bc55-22da6773ab91}</UniqueIdentifier>
    </Filter>
  </ItemGroup>
  <ItemGroup>
    <ClCompile Include="..\src\bullets\block_bullets2d.cpp">
      <Filter>bullets</Filter>
    </ClCompile>
    <ClCompile Include="..\src\bullets\multimesh_bullets2d.cpp">
      <Filter>bullets</Filter>
    </ClCompile>
    <ClCompile Include="..\src\bullets\directional_bullets2d.cpp">
      <Filter>bullets</Filter>
    </ClCompile>
    <ClCompile Include="..\src\debugger\multimesh_bullets_debugger2d.cpp">
      <Filter>debugger</Filter>
    </ClCompile>
    <ClCompile Include="..\src\factory\bullet_factory2d.cpp">
      <Filter>factory</Filter>
    </ClCompile>
    <ClCompile Include="..\src\spawn-data\block_bullets_data2d.cpp">
      <Filter>spawn-data</Filter>
    </ClCompile>
    <ClCompile Include="..\src\spawn-data\multimesh_bullets_data2d.cpp">
      <Filter>spawn-data</Filter>
    </ClCompile>
    <ClCompile Include="..\src\spawn-data\directional_bullets_data2d.cpp">
      <Filter>spawn-data</Filter>
    </ClCompile>
    <ClCompile Include="..\src\save-data\save_data_block_bullets2d.cpp">
      <Filter>save-data</Filter>
    </ClCompile>
    <ClCompile Include="..\src\save-data\save_data_bullet_factory2d.cpp">
      <Filter>save-data</Filter>
    </ClCompile>
    <ClCompile Include="..\src\save-data\save_data_multimesh_bullets2d.cpp">
      <Filter>save-data</Filter>
    </ClCompile>
    <ClCompile Include="..\src\save-data\save_data_directional_bullets2d.cpp">
      <Filter>save-data</Filter>
    </ClCompile>
    <ClCompile Include="..\src\shared\bullet_attachment_object_pool2d.cpp">
      <Filter>shared</Filter>
    </ClCompile>
    <ClCompile Include="..\src\shared\bullet_attachment2d.cpp">
      <Filter>shared</Filter>
    </ClCompile>
    <ClCompile Include="..\src\shared\bullet_rotation_data2d.cpp">
      <Filter>shared</Filter>
    </ClCompile>
    <ClCompile Include="..\src\shared\bullet_speed_data2d.cpp">
      <Filter>shared</Filter>
    </ClCompile>
    <ClCompile Include="..\src\shared\multimesh_object_pool2d.cpp">
      <Filter>shared</Filter>
    </ClCompile>
    <ClCompile Include="..\src\register_types.cpp">
      <Filter>gdextension</Filter>
    </ClCompile>
  </ItemGroup>
  <ItemGroup>
    <ClInclude Include="..\src\bullets\block_bullets2d.hpp">
      <Filter>bullets</Filter>
    </ClInclude>
    <ClInclude Include="..\src\bullets\multimesh_bullets2d.hpp">
      <Filter>bullets</Filter>
    </ClInclude>
    <ClInclude Include="..\src\bullets\directional_bullets2d.hpp">
      <Filter>bullets</Filter>
    </ClInclude>
    <ClInclude Include="..\src\debugger\idebugger_data_provider2d.hpp">
      <Filter>debugger</Filter>
    </ClInclude>
    <ClInclude Include="..\src\debugger\multimesh_bullets_debugger2d.hpp">
      <Filter>debugger</Filter>
    </ClInclude>
    <ClInclude Include="..\src\factory\bullet_factory2d.hpp">
      <Filter>factory</Filter>
    </ClInclude>
    <ClInclude Include="..\src\spawn-data\block_bullets_data2d.hpp">
      <Filter>spawn-data</Filter>
    </ClInclude>
    <ClInclude Include="..\src\spawn-data\multimesh_bullets_data2d.hpp">
      <Filter>spawn-data</Filter>
    </ClInclude>
    <ClInclude Include="..\src\spawn-data\directional_bullets_data2d.hpp">
      <Filter>spawn-data</Filter>
    </ClInclude>
    <ClInclude Include="..\src\save-data\save_data_block_bullets2d.hpp">
      <Filter>save-data</Filter>
    </ClInclude>
    <ClInclude Include="..\src\save-data\save_data_bullet_factory2d.hpp">
      <Filter>save-data</Filter>
    </ClInclude>
    <ClInclude Include="..\src\save-data\save_data_multimesh_bullets2d.hpp">
      <Filter>save-data</Filter>
    </ClInclude>
    <ClInclude Include="..\src\save-data\save_data_directional_bullets2d.hpp">
      <Filter>save-data</Filter>
    </ClInclude>
    <ClInclude Include="..\src\shared\bullet_attachment_object_pool2d.hpp">
      <Filter>shared</Filter>
    </ClInclude>
    <ClInclude Include="..\src\shared\bullet_attachment2d.hpp">
      <Filter>shared</Filter>
    </ClInclude>
    <ClInclude Include="..\src\shared\bullet_rotation_data2d.hpp">
      <Filter>shared</Filter>
    </ClInclude>
    <ClInclude Include="..\src\shared\bullet_speed_data2d.hpp">
      <Filter>shared</Filter>
    </ClInclude>
    <ClInclude Include="..\src\shared\multimesh_object_pool2d.hpp">
      <Filter>shared</Filter>
    </ClInclude>
    <ClInclude Include="..\src\register_types.h">
      <Filter>gdextension</Filter>
    </ClInclude>
  </ItemGroup>
</Project>